
Microsoft Visual Studio Solution File, Format Version 12.00
# Visual Studio Version 17
VisualStudioVersion = 17.5.33502.453
MinimumVisualStudioVersion = 10.0.40219.1
Project("{FAE04EC0-301F-11D3-BF4B-00C04F79EFBC}") = "ClassesForms", "ClassesForms\ClassesForms.csproj", "{1E018F80-CE83-41A6-B83C-168A1BC02D9A}"
EndProject
Global
	GlobalSection(SolutionConfigurationPlatforms) = preSolution
		Debug|Any CPU = Debug|Any CPU
		Release|Any CPU = Release|Any CPU
	EndGlobalSection
	GlobalSection(ProjectConfigurationPlatforms) = postSolution
		{1E018F80-CE83-41A6-B83C-168A1BC02D9A}.Debug|Any CPU.ActiveCfg = Debug|Any CPU
		{1E018F80-CE83-41A6-B83C-168A1BC02D9A}.Debug|Any CPU.Build.0 = Debug|Any CPU
		{1E018F80-CE83-41A6-B83C-168A1BC02D9A}.Release|Any CPU.ActiveCfg = Release|Any CPU
		{1E018F80-CE83-41A6-B83C-168A1BC02D9A}.Release|Any CPU.Build.0 = Release|Any CPU
	EndGlobalSection
	GlobalSection(SolutionProperties) = preSolution
		HideSolutionNode = FALSE
	EndGlobalSection
	GlobalSection(ExtensibilityGlobals) = postSolution
		SolutionGuid = {4E9F5211-E01E-48BB-A361-5BA02C083892}
	EndGlobalSection
EndGlobal
